
Microsoft Visual Studio Solution File, Format Version 12.00
# Visual Studio Version 17
VisualStudioVersion = 17.4.33213.308
MinimumVisualStudioVersion = 10.0.40219.1
Project("{FAE04EC0-301F-11D3-BF4B-00C04F79EFBC}") = "Kontakti", "Kontakti\Kontakti.csproj", "{986DDDB1-9DE6-411D-878C-AB310E28598E}"
EndProject
Global
	GlobalSection(SolutionConfigurationPlatforms) = preSolution
		Debug|Any CPU = Debug|Any CPU
		Release|Any CPU = Release|Any CPU
	EndGlobalSection
	GlobalSection(ProjectConfigurationPlatforms) = postSolution
		{986DDDB1-9DE6-411D-878C-AB310E28598E}.Debug|Any CPU.ActiveCfg = Debug|Any CPU
		{986DDDB1-9DE6-411D-878C-AB310E28598E}.Debug|Any CPU.Build.0 = Debug|Any CPU
		{986DDDB1-9DE6-411D-878C-AB310E28598E}.Release|Any CPU.ActiveCfg = Release|Any CPU
		{986DDDB1-9DE6-411D-878C-AB310E28598E}.Release|Any CPU.Build.0 = Release|Any CPU
	EndGlobalSection
	GlobalSection(SolutionProperties) = preSolution
		HideSolutionNode = FALSE
	EndGlobalSection
	GlobalSection(ExtensibilityGlobals) = postSolution
		SolutionGuid = {58E00FC6-51AC-4F83-912E-3E84C3D8171E}
	EndGlobalSection
EndGlobal
